<?xml version="1.0" encoding="utf-8"?>
<Project ToolsVersion="4.0" xmlns="http://schemas.microsoft.com/developer/msbuild/2003">
  <ItemGroup>
    <Filter Include="Source Files">
      <UniqueIdentifier>{4FC737F1-C7A5-4376-A066-2A32D752A2FF}</UniqueIdentifier>
      <Extensions>cpp;c;cc;cxx;c++;cppm;ixx;def;odl;idl;hpj;bat;asm;asmx</Extensions>
    </Filter>
    <Filter Include="Header Files">
      <UniqueIdentifier>{93995380-89BD-4b04-88EB-625FBE52EBFB}</UniqueIdentifier>
      <Extensions>h;hh;hpp;hxx;h++;hm;inl;inc;ipp;xsd</Extensions>
    </Filter>
    <Filter Include="Resource Files">
      <UniqueIdentifier>{67DA6AB6-F800-4c08-8B7A-83BB121AAD01}</UniqueIdentifier>
      <Extensions>rc;ico;cur;bmp;dlg;rc2;rct;bin;rgs;gif;jpg;jpeg;jpe;resx;tiff;tif;png;wav;mfcribbon-ms</Extensions>
    </Filter>
  </ItemGroup>
  <ItemGroup>
    <ClCompile Include="Source Files\main.cpp">
      <Filter>Source Files</Filter>
    </ClCompile>
    <ClCompile Include="Frames\AdminFrame.cpp">
      <Filter>Source Files</Filter>
    </ClCompile>
    <ClCompile Include="Models\Assignment.cpp">
      <Filter>Source Files</Filter>
    </ClCompile>
    <ClCompile Include="Frames\InstructorFrame.cpp">
      <Filter>Source Files</Filter>
    </ClCompile>
    <ClCompile Include="Frames\LoginFrame.cpp">
      <Filter>Source Files</Filter>
    </ClCompile>
    <ClCompile Include="Frames\AddAssignmentFrame.cpp">
      <Filter>Source Files</Filter>
    </ClCompile>
    <ClCompile Include="Models\Submission.cpp">
      <Filter>Source Files</Filter>
    </ClCompile>
    <ClCompile Include="Models\User.cpp">
      <Filter>Source Files</Filter>
    </ClCompile>
    <ClCompile Include="Frames\StudentFrame.cpp">
      <Filter>Source Files</Filter>
    </ClCompile>
  </ItemGroup>
  <ItemGroup>
    <ResourceCompile Include="project-test.rc">
      <Filter>Resource Files</Filter>
    </ResourceCompile>
  </ItemGroup>
  <ItemGroup>
    <Image Include="small.ico">
      <Filter>Resource Files</Filter>
    </Image>
    <Image Include="project-test.ico">
      <Filter>Resource Files</Filter>
    </Image>
  </ItemGroup>
  <ItemGroup>
    <None Include="packages.config" />
    <None Include="assignment-schema.json" />
  </ItemGroup>
  <ItemGroup>
    <ClInclude Include="Header Files\LoginFrame.h">
      <Filter>Source Files</Filter>
    </ClInclude>
    <ClInclude Include="Header Files\AdminFrame.h">
      <Filter>Source Files</Filter>
    </ClInclude>
    <ClInclude Include="Header Files\InstructorFrame.h">
      <Filter>Header Files</Filter>
    </ClInclude>
    <ClInclude Include="Header Files\Assignment.h">
      <Filter>Source Files</Filter>
    </ClInclude>
    <ClInclude Include="Header Files\Submission.h">
      <Filter>Source Files</Filter>
    </ClInclude>
    <ClInclude Include="Header Files\AddAssignmentFrame.h">
      <Filter>Header Files</Filter>
    </ClInclude>
    <ClInclude Include="Header Files\SubmitFrame.h">
      <Filter>Header Files</Filter>
    </ClInclude>
    <ClInclude Include="Header Files\User.h">
      <Filter>Header Files</Filter>
    </ClInclude>
    <ClInclude Include="Header Files\Util.h">
      <Filter>Header Files</Filter>
    </ClInclude>
    <ClInclude Include="Header Files\StudentFrame.h">
      <Filter>Header Files</Filter>
    </ClInclude>
  </ItemGroup>
  <ItemGroup>
    <Text Include="inputs\input1.txt" />
    <Text Include="inputs\input2.txt" />
    <Text Include="inputs\input3.txt" />
    <Text Include="inputs\input4.txt" />
    <Text Include="outputs\output1.txt" />
    <Text Include="outputs\output2.txt" />
    <Text Include="outputs\output3.txt" />
    <Text Include="outputs\output4.txt" />
  </ItemGroup>
</Project>